
Microsoft Visual Studio Solution File, Format Version 12.00
# Visual Studio Version 17
VisualStudioVersion = 17.9.34607.119
MinimumVisualStudioVersion = 10.0.40219.1
Project("{FAE04EC0-301F-11D3-BF4B-00C04F79EFBC}") = "Progra6_Assets_JeffersonMora", "Progra6_Assets_JeffersonMora\Progra6_Assets_JeffersonMora.csproj", "{B4DCDE38-61E6-4B11-AD3F-62BDE8DD26EE}"
EndProject
Global
	GlobalSection(SolutionConfigurationPlatforms) = preSolution
		Debug|Any CPU = Debug|Any CPU
		Release|Any CPU = Release|Any CPU
	EndGlobalSection
	GlobalSection(ProjectConfigurationPlatforms) = postSolution
		{B4DCDE38-61E6-4B11-AD3F-62BDE8DD26EE}.Debug|Any CPU.ActiveCfg = Debug|Any CPU
		{B4DCDE38-61E6-4B11-AD3F-62BDE8DD26EE}.Debug|Any CPU.Build.0 = Debug|Any CPU
		{B4DCDE38-61E6-4B11-AD3F-62BDE8DD26EE}.Release|Any CPU.ActiveCfg = Release|Any CPU
		{B4DCDE38-61E6-4B11-AD3F-62BDE8DD26EE}.Release|Any CPU.Build.0 = Release|Any CPU
	EndGlobalSection
	GlobalSection(SolutionProperties) = preSolution
		HideSolutionNode = FALSE
	EndGlobalSection
	GlobalSection(ExtensibilityGlobals) = postSolution
		SolutionGuid = {848FAC38-72CF-4402-8F05-D68858D2570C}
	EndGlobalSection
EndGlobal
